
Microsoft Visual Studio Solution File, Format Version 12.00
# Visual Studio Version 17
VisualStudioVersion = 17.0.32014.148
MinimumVisualStudioVersion = 10.0.40219.1
Project("{9A19103F-16F7-4668-BE54-9A1E7A4F7556}") = "myMLApp", "myMLApp\myMLApp.csproj", "{30095BED-7952-484F-8839-B59C99016925}"
EndProject
Project("{FAE04EC0-301F-11D3-BF4B-00C04F79EFBC}") = "PredictiveMaintenance", "PredictiveMaintenance\PredictiveMaintenance.csproj", "{A8EE29D2-0894-47FF-B4C0-B0D5BBEC0CBB}"
EndProject
Project("{9A19103F-16F7-4668-BE54-9A1E7A4F7556}") = "PredictiveMaintenanceConsole", "PredictiveMaintenanceConsole\PredictiveMaintenanceConsole.csproj", "{0CBA9B3D-A159-4EA9-9293-1C2D2C40A5D9}"
EndProject
Global
	GlobalSection(SolutionConfigurationPlatforms) = preSolution
		Debug|Any CPU = Debug|Any CPU
		Release|Any CPU = Release|Any CPU
	EndGlobalSection
	GlobalSection(ProjectConfigurationPlatforms) = postSolution
		{30095BED-7952-484F-8839-B59C99016925}.Debug|Any CPU.ActiveCfg = Debug|Any CPU
		{30095BED-7952-484F-8839-B59C99016925}.Debug|Any CPU.Build.0 = Debug|Any CPU
		{30095BED-7952-484F-8839-B59C99016925}.Release|Any CPU.ActiveCfg = Release|Any CPU
		{30095BED-7952-484F-8839-B59C99016925}.Release|Any CPU.Build.0 = Release|Any CPU
		{A8EE29D2-0894-47FF-B4C0-B0D5BBEC0CBB}.Debug|Any CPU.ActiveCfg = Debug|Any CPU
		{A8EE29D2-0894-47FF-B4C0-B0D5BBEC0CBB}.Debug|Any CPU.Build.0 = Debug|Any CPU
		{A8EE29D2-0894-47FF-B4C0-B0D5BBEC0CBB}.Release|Any CPU.ActiveCfg = Release|Any CPU
		{A8EE29D2-0894-47FF-B4C0-B0D5BBEC0CBB}.Release|Any CPU.Build.0 = Release|Any CPU
		{0CBA9B3D-A159-4EA9-9293-1C2D2C40A5D9}.Debug|Any CPU.ActiveCfg = Debug|Any CPU
		{0CBA9B3D-A159-4EA9-9293-1C2D2C40A5D9}.Debug|Any CPU.Build.0 = Debug|Any CPU
		{0CBA9B3D-A159-4EA9-9293-1C2D2C40A5D9}.Release|Any CPU.ActiveCfg = Release|Any CPU
		{0CBA9B3D-A159-4EA9-9293-1C2D2C40A5D9}.Release|Any CPU.Build.0 = Release|Any CPU
	EndGlobalSection
	GlobalSection(SolutionProperties) = preSolution
		HideSolutionNode = FALSE
	EndGlobalSection
	GlobalSection(ExtensibilityGlobals) = postSolution
		SolutionGuid = {9B286B00-B497-4456-B733-1905235A00DA}
	EndGlobalSection
EndGlobal
