
Microsoft Visual Studio Solution File, Format Version 12.00
# Visual Studio Version 17
VisualStudioVersion = 17.0.32014.148
MinimumVisualStudioVersion = 10.0.40219.1
Project("{9A19103F-16F7-4668-BE54-9A1E7A4F7556}") = "myMLApp", "myMLApp\myMLApp.csproj", "{30095BED-7952-484F-8839-B59C99016925}"
EndProject
Project("{9A19103F-16F7-4668-BE54-9A1E7A4F7556}") = "PredictiveMaintenance", "PredictiveMaintenance\PredictiveMaintenance.csproj", "{A8EE29D2-0894-47FF-B4C0-B0D5BBEC0CBB}"
EndProject
Project("{9A19103F-16F7-4668-BE54-9A1E7A4F7556}") = "PredictiveMaintenanceConsole", "PredictiveMaintenanceConsole\PredictiveMaintenanceConsole.csproj", "{0CBA9B3D-A159-4EA9-9293-1C2D2C40A5D9}"
EndProject
Project("{9A19103F-16F7-4668-BE54-9A1E7A4F7556}") = "SentimentRazor", "SentimentRazor\SentimentRazor.csproj", "{C6D1A132-03CA-4BE8-B5DA-5253D89DEC2E}"
EndProject
Project("{9A19103F-16F7-4668-BE54-9A1E7A4F7556}") = "TaxiFarePrediction", "TaxiFarePrediction\TaxiFarePrediction.csproj", "{927B2C44-159A-463A-A7A1-1C2817CC660C}"
EndProject
Project("{9A19103F-16F7-4668-BE54-9A1E7A4F7556}") = "TaxiFare_API", "TaxiFare_API\TaxiFare_API.csproj", "{9BCF43E0-69CB-42B9-9E79-C938BB9DD088}"
EndProject
Project("{FAE04EC0-301F-11D3-BF4B-00C04F79EFBC}") = "RestaurantViolations", "RestaurantViolations\RestaurantViolations.csproj", "{53050DB6-0B14-4584-81E2-6D59FD42F6CC}"
EndProject
Project("{9A19103F-16F7-4668-BE54-9A1E7A4F7556}") = "RestaurantViolationsPrediction_API", "RestaurantViolationsPrediction_API\RestaurantViolationsPrediction_API.csproj", "{23EF2B0F-281E-47BD-B938-8EB0329C3789}"
EndProject
Global
	GlobalSection(SolutionConfigurationPlatforms) = preSolution
		Debug|Any CPU = Debug|Any CPU
		Release|Any CPU = Release|Any CPU
	EndGlobalSection
	GlobalSection(ProjectConfigurationPlatforms) = postSolution
		{30095BED-7952-484F-8839-B59C99016925}.Debug|Any CPU.ActiveCfg = Debug|Any CPU
		{30095BED-7952-484F-8839-B59C99016925}.Debug|Any CPU.Build.0 = Debug|Any CPU
		{30095BED-7952-484F-8839-B59C99016925}.Release|Any CPU.ActiveCfg = Release|Any CPU
		{30095BED-7952-484F-8839-B59C99016925}.Release|Any CPU.Build.0 = Release|Any CPU
		{A8EE29D2-0894-47FF-B4C0-B0D5BBEC0CBB}.Debug|Any CPU.ActiveCfg = Debug|Any CPU
		{A8EE29D2-0894-47FF-B4C0-B0D5BBEC0CBB}.Debug|Any CPU.Build.0 = Debug|Any CPU
		{A8EE29D2-0894-47FF-B4C0-B0D5BBEC0CBB}.Release|Any CPU.ActiveCfg = Release|Any CPU
		{A8EE29D2-0894-47FF-B4C0-B0D5BBEC0CBB}.Release|Any CPU.Build.0 = Release|Any CPU
		{0CBA9B3D-A159-4EA9-9293-1C2D2C40A5D9}.Debug|Any CPU.ActiveCfg = Debug|Any CPU
		{0CBA9B3D-A159-4EA9-9293-1C2D2C40A5D9}.Debug|Any CPU.Build.0 = Debug|Any CPU
		{0CBA9B3D-A159-4EA9-9293-1C2D2C40A5D9}.Release|Any CPU.ActiveCfg = Release|Any CPU
		{0CBA9B3D-A159-4EA9-9293-1C2D2C40A5D9}.Release|Any CPU.Build.0 = Release|Any CPU
		{C6D1A132-03CA-4BE8-B5DA-5253D89DEC2E}.Debug|Any CPU.ActiveCfg = Debug|Any CPU
		{C6D1A132-03CA-4BE8-B5DA-5253D89DEC2E}.Debug|Any CPU.Build.0 = Debug|Any CPU
		{C6D1A132-03CA-4BE8-B5DA-5253D89DEC2E}.Release|Any CPU.ActiveCfg = Release|Any CPU
		{C6D1A132-03CA-4BE8-B5DA-5253D89DEC2E}.Release|Any CPU.Build.0 = Release|Any CPU
		{927B2C44-159A-463A-A7A1-1C2817CC660C}.Debug|Any CPU.ActiveCfg = Debug|Any CPU
		{927B2C44-159A-463A-A7A1-1C2817CC660C}.Debug|Any CPU.Build.0 = Debug|Any CPU
		{927B2C44-159A-463A-A7A1-1C2817CC660C}.Release|Any CPU.ActiveCfg = Release|Any CPU
		{927B2C44-159A-463A-A7A1-1C2817CC660C}.Release|Any CPU.Build.0 = Release|Any CPU
		{9BCF43E0-69CB-42B9-9E79-C938BB9DD088}.Debug|Any CPU.ActiveCfg = Debug|Any CPU
		{9BCF43E0-69CB-42B9-9E79-C938BB9DD088}.Debug|Any CPU.Build.0 = Debug|Any CPU
		{9BCF43E0-69CB-42B9-9E79-C938BB9DD088}.Release|Any CPU.ActiveCfg = Release|Any CPU
		{9BCF43E0-69CB-42B9-9E79-C938BB9DD088}.Release|Any CPU.Build.0 = Release|Any CPU
		{53050DB6-0B14-4584-81E2-6D59FD42F6CC}.Debug|Any CPU.ActiveCfg = Debug|Any CPU
		{53050DB6-0B14-4584-81E2-6D59FD42F6CC}.Debug|Any CPU.Build.0 = Debug|Any CPU
		{53050DB6-0B14-4584-81E2-6D59FD42F6CC}.Release|Any CPU.ActiveCfg = Release|Any CPU
		{53050DB6-0B14-4584-81E2-6D59FD42F6CC}.Release|Any CPU.Build.0 = Release|Any CPU
		{23EF2B0F-281E-47BD-B938-8EB0329C3789}.Debug|Any CPU.ActiveCfg = Debug|Any CPU
		{23EF2B0F-281E-47BD-B938-8EB0329C3789}.Debug|Any CPU.Build.0 = Debug|Any CPU
		{23EF2B0F-281E-47BD-B938-8EB0329C3789}.Release|Any CPU.ActiveCfg = Release|Any CPU
		{23EF2B0F-281E-47BD-B938-8EB0329C3789}.Release|Any CPU.Build.0 = Release|Any CPU
	EndGlobalSection
	GlobalSection(SolutionProperties) = preSolution
		HideSolutionNode = FALSE
	EndGlobalSection
	GlobalSection(ExtensibilityGlobals) = postSolution
		SolutionGuid = {9B286B00-B497-4456-B733-1905235A00DA}
	EndGlobalSection
EndGlobal
